
Microsoft Visual Studio Solution File, Format Version 12.00
# Visual Studio 15
VisualStudioVersion = 15.0.27703.2042
MinimumVisualStudioVersion = 10.0.40219.1
Project("{FAE04EC0-301F-11D3-BF4B-00C04F79EFBC}") = "NorthWnd_Nhom15", "NorthWnd_Nhom15\NorthWnd_Nhom15.csproj", "{4ADF023F-07DB-401B-B1CD-FE37FBC50A66}"
EndProject
Global
	GlobalSection(SolutionConfigurationPlatforms) = preSolution
		Debug|Any CPU = Debug|Any CPU
		Release|Any CPU = Release|Any CPU
	EndGlobalSection
	GlobalSection(ProjectConfigurationPlatforms) = postSolution
		{4ADF023F-07DB-401B-B1CD-FE37FBC50A66}.Debug|Any CPU.ActiveCfg = Debug|Any CPU
		{4ADF023F-07DB-401B-B1CD-FE37FBC50A66}.Debug|Any CPU.Build.0 = Debug|Any CPU
		{4ADF023F-07DB-401B-B1CD-FE37FBC50A66}.Release|Any CPU.ActiveCfg = Release|Any CPU
		{4ADF023F-07DB-401B-B1CD-FE37FBC50A66}.Release|Any CPU.Build.0 = Release|Any CPU
	EndGlobalSection
	GlobalSection(SolutionProperties) = preSolution
		HideSolutionNode = FALSE
	EndGlobalSection
	GlobalSection(ExtensibilityGlobals) = postSolution
		SolutionGuid = {6DB0E834-9074-414D-AE05-43940197F4EF}
	EndGlobalSection
EndGlobal
